
Microsoft Visual Studio Solution File, Format Version 12.00
# Visual Studio Version 16
VisualStudioVersion = 16.0.30204.135
MinimumVisualStudioVersion = 15.0.26124.0
Project("{2150E333-8FDC-42A3-9474-1A3956D46DE8}") = "src", "src", "{85868EE9-8152-4275-8FF3-7451669E569F}"
EndProject
Project("{9A19103F-16F7-4668-BE54-9A1E7A4F7556}") = "FakeXrmEasy", "src\FakeXrmEasy\FakeXrmEasy.csproj", "{9012CADC-5B63-42F3-8945-5FEBD3ED8138}"
EndProject
Project("{2150E333-8FDC-42A3-9474-1A3956D46DE8}") = "tests", "tests", "{CAA52F2A-17EC-424A-8A4E-A11548B36F35}"
EndProject
Project("{9A19103F-16F7-4668-BE54-9A1E7A4F7556}") = "FakeXrmEasy.Tests", "tests\FakeXrmEasy.Tests\FakeXrmEasy.Tests.csproj", "{D99DF3A2-03E3-4BBD-B4A8-E1EB0C67BB69}"
EndProject
Project("{9A19103F-16F7-4668-BE54-9A1E7A4F7556}") = "DataverseEntities", "tests\DataverseEntities\DataverseEntities.csproj", "{F3375812-D98A-4A75-9CD4-F1F7090F970C}"
EndProject
Project("{9A19103F-16F7-4668-BE54-9A1E7A4F7556}") = "DataverseEntitiesWithPartialPipelineTypes", "tests\DataverseEntitiesWithPartialPipelineTypes\DataverseEntitiesWithPartialPipelineTypes.csproj", "{D7C02210-729D-4CEC-8BB4-CA7F54756B5C}"
EndProject
Project("{D954291E-2A0B-460D-934E-DC6B0785DB48}") = "DataverseEntities.Shared", "tests\DataverseEntities.Shared\DataverseEntities.Shared.shproj", "{B75B5752-4643-4750-BDCB-6DCD3C743137}"
EndProject
Global
	GlobalSection(SolutionConfigurationPlatforms) = preSolution
		Debug|Any CPU = Debug|Any CPU
		Debug|x64 = Debug|x64
		Debug|x86 = Debug|x86
		FAKE_XRM_EASY_2013|Any CPU = FAKE_XRM_EASY_2013|Any CPU
		FAKE_XRM_EASY_2013|x64 = FAKE_XRM_EASY_2013|x64
		FAKE_XRM_EASY_2013|x86 = FAKE_XRM_EASY_2013|x86
		FAKE_XRM_EASY_2015|Any CPU = FAKE_XRM_EASY_2015|Any CPU
		FAKE_XRM_EASY_2015|x64 = FAKE_XRM_EASY_2015|x64
		FAKE_XRM_EASY_2015|x86 = FAKE_XRM_EASY_2015|x86
		FAKE_XRM_EASY_2016|Any CPU = FAKE_XRM_EASY_2016|Any CPU
		FAKE_XRM_EASY_2016|x64 = FAKE_XRM_EASY_2016|x64
		FAKE_XRM_EASY_2016|x86 = FAKE_XRM_EASY_2016|x86
		FAKE_XRM_EASY_365|Any CPU = FAKE_XRM_EASY_365|Any CPU
		FAKE_XRM_EASY_365|x64 = FAKE_XRM_EASY_365|x64
		FAKE_XRM_EASY_365|x86 = FAKE_XRM_EASY_365|x86
		FAKE_XRM_EASY_9|Any CPU = FAKE_XRM_EASY_9|Any CPU
		FAKE_XRM_EASY_9|x64 = FAKE_XRM_EASY_9|x64
		FAKE_XRM_EASY_9|x86 = FAKE_XRM_EASY_9|x86
		FAKE_XRM_EASY|Any CPU = FAKE_XRM_EASY|Any CPU
		FAKE_XRM_EASY|x64 = FAKE_XRM_EASY|x64
		FAKE_XRM_EASY|x86 = FAKE_XRM_EASY|x86
		Release|Any CPU = Release|Any CPU
		Release|x64 = Release|x64
		Release|x86 = Release|x86
	EndGlobalSection
	GlobalSection(ProjectConfigurationPlatforms) = postSolution
		{9012CADC-5B63-42F3-8945-5FEBD3ED8138}.Debug|Any CPU.ActiveCfg = Debug|Any CPU
		{9012CADC-5B63-42F3-8945-5FEBD3ED8138}.Debug|Any CPU.Build.0 = Debug|Any CPU
		{9012CADC-5B63-42F3-8945-5FEBD3ED8138}.Debug|x64.ActiveCfg = Debug|Any CPU
		{9012CADC-5B63-42F3-8945-5FEBD3ED8138}.Debug|x64.Build.0 = Debug|Any CPU
		{9012CADC-5B63-42F3-8945-5FEBD3ED8138}.Debug|x86.ActiveCfg = Debug|Any CPU
		{9012CADC-5B63-42F3-8945-5FEBD3ED8138}.Debug|x86.Build.0 = Debug|Any CPU
		{9012CADC-5B63-42F3-8945-5FEBD3ED8138}.FAKE_XRM_EASY_2013|Any CPU.ActiveCfg = FAKE_XRM_EASY_2013|Any CPU
		{9012CADC-5B63-42F3-8945-5FEBD3ED8138}.FAKE_XRM_EASY_2013|Any CPU.Build.0 = FAKE_XRM_EASY_2013|Any CPU
		{9012CADC-5B63-42F3-8945-5FEBD3ED8138}.FAKE_XRM_EASY_2013|x64.ActiveCfg = FAKE_XRM_EASY_2013|Any CPU
		{9012CADC-5B63-42F3-8945-5FEBD3ED8138}.FAKE_XRM_EASY_2013|x64.Build.0 = FAKE_XRM_EASY_2013|Any CPU
		{9012CADC-5B63-42F3-8945-5FEBD3ED8138}.FAKE_XRM_EASY_2013|x86.ActiveCfg = FAKE_XRM_EASY_2013|Any CPU
		{9012CADC-5B63-42F3-8945-5FEBD3ED8138}.FAKE_XRM_EASY_2013|x86.Build.0 = FAKE_XRM_EASY_2013|Any CPU
		{9012CADC-5B63-42F3-8945-5FEBD3ED8138}.FAKE_XRM_EASY_2015|Any CPU.ActiveCfg = FAKE_XRM_EASY_2015|Any CPU
		{9012CADC-5B63-42F3-8945-5FEBD3ED8138}.FAKE_XRM_EASY_2015|Any CPU.Build.0 = FAKE_XRM_EASY_2015|Any CPU
		{9012CADC-5B63-42F3-8945-5FEBD3ED8138}.FAKE_XRM_EASY_2015|x64.ActiveCfg = FAKE_XRM_EASY_2015|Any CPU
		{9012CADC-5B63-42F3-8945-5FEBD3ED8138}.FAKE_XRM_EASY_2015|x64.Build.0 = FAKE_XRM_EASY_2015|Any CPU
		{9012CADC-5B63-42F3-8945-5FEBD3ED8138}.FAKE_XRM_EASY_2015|x86.ActiveCfg = FAKE_XRM_EASY_2015|Any CPU
		{9012CADC-5B63-42F3-8945-5FEBD3ED8138}.FAKE_XRM_EASY_2015|x86.Build.0 = FAKE_XRM_EASY_2015|Any CPU
		{9012CADC-5B63-42F3-8945-5FEBD3ED8138}.FAKE_XRM_EASY_2016|Any CPU.ActiveCfg = FAKE_XRM_EASY_2016|Any CPU
		{9012CADC-5B63-42F3-8945-5FEBD3ED8138}.FAKE_XRM_EASY_2016|Any CPU.Build.0 = FAKE_XRM_EASY_2016|Any CPU
		{9012CADC-5B63-42F3-8945-5FEBD3ED8138}.FAKE_XRM_EASY_2016|x64.ActiveCfg = FAKE_XRM_EASY_2016|Any CPU
		{9012CADC-5B63-42F3-8945-5FEBD3ED8138}.FAKE_XRM_EASY_2016|x64.Build.0 = FAKE_XRM_EASY_2016|Any CPU
		{9012CADC-5B63-42F3-8945-5FEBD3ED8138}.FAKE_XRM_EASY_2016|x86.ActiveCfg = FAKE_XRM_EASY_2016|Any CPU
		{9012CADC-5B63-42F3-8945-5FEBD3ED8138}.FAKE_XRM_EASY_2016|x86.Build.0 = FAKE_XRM_EASY_2016|Any CPU
		{9012CADC-5B63-42F3-8945-5FEBD3ED8138}.FAKE_XRM_EASY_365|Any CPU.ActiveCfg = FAKE_XRM_EASY_365|Any CPU
		{9012CADC-5B63-42F3-8945-5FEBD3ED8138}.FAKE_XRM_EASY_365|Any CPU.Build.0 = FAKE_XRM_EASY_365|Any CPU
		{9012CADC-5B63-42F3-8945-5FEBD3ED8138}.FAKE_XRM_EASY_365|x64.ActiveCfg = FAKE_XRM_EASY_365|Any CPU
		{9012CADC-5B63-42F3-8945-5FEBD3ED8138}.FAKE_XRM_EASY_365|x64.Build.0 = FAKE_XRM_EASY_365|Any CPU
		{9012CADC-5B63-42F3-8945-5FEBD3ED8138}.FAKE_XRM_EASY_365|x86.ActiveCfg = FAKE_XRM_EASY_365|Any CPU
		{9012CADC-5B63-42F3-8945-5FEBD3ED8138}.FAKE_XRM_EASY_365|x86.Build.0 = FAKE_XRM_EASY_365|Any CPU
		{9012CADC-5B63-42F3-8945-5FEBD3ED8138}.FAKE_XRM_EASY_9|Any CPU.ActiveCfg = FAKE_XRM_EASY_9|Any CPU
		{9012CADC-5B63-42F3-8945-5FEBD3ED8138}.FAKE_XRM_EASY_9|Any CPU.Build.0 = FAKE_XRM_EASY_9|Any CPU
		{9012CADC-5B63-42F3-8945-5FEBD3ED8138}.FAKE_XRM_EASY_9|x64.ActiveCfg = FAKE_XRM_EASY_9|Any CPU
		{9012CADC-5B63-42F3-8945-5FEBD3ED8138}.FAKE_XRM_EASY_9|x64.Build.0 = FAKE_XRM_EASY_9|Any CPU
		{9012CADC-5B63-42F3-8945-5FEBD3ED8138}.FAKE_XRM_EASY_9|x86.ActiveCfg = FAKE_XRM_EASY_9|Any CPU
		{9012CADC-5B63-42F3-8945-5FEBD3ED8138}.FAKE_XRM_EASY_9|x86.Build.0 = FAKE_XRM_EASY_9|Any CPU
		{9012CADC-5B63-42F3-8945-5FEBD3ED8138}.FAKE_XRM_EASY|Any CPU.ActiveCfg = FAKE_XRM_EASY|Any CPU
		{9012CADC-5B63-42F3-8945-5FEBD3ED8138}.FAKE_XRM_EASY|Any CPU.Build.0 = FAKE_XRM_EASY|Any CPU
		{9012CADC-5B63-42F3-8945-5FEBD3ED8138}.FAKE_XRM_EASY|x64.ActiveCfg = FAKE_XRM_EASY|Any CPU
		{9012CADC-5B63-42F3-8945-5FEBD3ED8138}.FAKE_XRM_EASY|x64.Build.0 = FAKE_XRM_EASY|Any CPU
		{9012CADC-5B63-42F3-8945-5FEBD3ED8138}.FAKE_XRM_EASY|x86.ActiveCfg = FAKE_XRM_EASY|Any CPU
		{9012CADC-5B63-42F3-8945-5FEBD3ED8138}.FAKE_XRM_EASY|x86.Build.0 = FAKE_XRM_EASY|Any CPU
		{9012CADC-5B63-42F3-8945-5FEBD3ED8138}.Release|Any CPU.ActiveCfg = Release|Any CPU
		{9012CADC-5B63-42F3-8945-5FEBD3ED8138}.Release|Any CPU.Build.0 = Release|Any CPU
		{9012CADC-5B63-42F3-8945-5FEBD3ED8138}.Release|x64.ActiveCfg = Release|Any CPU
		{9012CADC-5B63-42F3-8945-5FEBD3ED8138}.Release|x64.Build.0 = Release|Any CPU
		{9012CADC-5B63-42F3-8945-5FEBD3ED8138}.Release|x86.ActiveCfg = Release|Any CPU
		{9012CADC-5B63-42F3-8945-5FEBD3ED8138}.Release|x86.Build.0 = Release|Any CPU
		{D99DF3A2-03E3-4BBD-B4A8-E1EB0C67BB69}.Debug|Any CPU.ActiveCfg = Debug|Any CPU
		{D99DF3A2-03E3-4BBD-B4A8-E1EB0C67BB69}.Debug|Any CPU.Build.0 = Debug|Any CPU
		{D99DF3A2-03E3-4BBD-B4A8-E1EB0C67BB69}.Debug|x64.ActiveCfg = Debug|Any CPU
		{D99DF3A2-03E3-4BBD-B4A8-E1EB0C67BB69}.Debug|x64.Build.0 = Debug|Any CPU
		{D99DF3A2-03E3-4BBD-B4A8-E1EB0C67BB69}.Debug|x86.ActiveCfg = Debug|Any CPU
		{D99DF3A2-03E3-4BBD-B4A8-E1EB0C67BB69}.Debug|x86.Build.0 = Debug|Any CPU
		{D99DF3A2-03E3-4BBD-B4A8-E1EB0C67BB69}.FAKE_XRM_EASY_2013|Any CPU.ActiveCfg = FAKE_XRM_EASY_2013|Any CPU
		{D99DF3A2-03E3-4BBD-B4A8-E1EB0C67BB69}.FAKE_XRM_EASY_2013|Any CPU.Build.0 = FAKE_XRM_EASY_2013|Any CPU
		{D99DF3A2-03E3-4BBD-B4A8-E1EB0C67BB69}.FAKE_XRM_EASY_2013|x64.ActiveCfg = FAKE_XRM_EASY_2013|Any CPU
		{D99DF3A2-03E3-4BBD-B4A8-E1EB0C67BB69}.FAKE_XRM_EASY_2013|x64.Build.0 = FAKE_XRM_EASY_2013|Any CPU
		{D99DF3A2-03E3-4BBD-B4A8-E1EB0C67BB69}.FAKE_XRM_EASY_2013|x86.ActiveCfg = FAKE_XRM_EASY_2013|Any CPU
		{D99DF3A2-03E3-4BBD-B4A8-E1EB0C67BB69}.FAKE_XRM_EASY_2013|x86.Build.0 = FAKE_XRM_EASY_2013|Any CPU
		{D99DF3A2-03E3-4BBD-B4A8-E1EB0C67BB69}.FAKE_XRM_EASY_2015|Any CPU.ActiveCfg = FAKE_XRM_EASY_2015|Any CPU
		{D99DF3A2-03E3-4BBD-B4A8-E1EB0C67BB69}.FAKE_XRM_EASY_2015|Any CPU.Build.0 = FAKE_XRM_EASY_2015|Any CPU
		{D99DF3A2-03E3-4BBD-B4A8-E1EB0C67BB69}.FAKE_XRM_EASY_2015|x64.ActiveCfg = FAKE_XRM_EASY_2015|Any CPU
		{D99DF3A2-03E3-4BBD-B4A8-E1EB0C67BB69}.FAKE_XRM_EASY_2015|x64.Build.0 = FAKE_XRM_EASY_2015|Any CPU
		{D99DF3A2-03E3-4BBD-B4A8-E1EB0C67BB69}.FAKE_XRM_EASY_2015|x86.ActiveCfg = FAKE_XRM_EASY_2015|Any CPU
		{D99DF3A2-03E3-4BBD-B4A8-E1EB0C67BB69}.FAKE_XRM_EASY_2015|x86.Build.0 = FAKE_XRM_EASY_2015|Any CPU
		{D99DF3A2-03E3-4BBD-B4A8-E1EB0C67BB69}.FAKE_XRM_EASY_2016|Any CPU.ActiveCfg = FAKE_XRM_EASY_2016|Any CPU
		{D99DF3A2-03E3-4BBD-B4A8-E1EB0C67BB69}.FAKE_XRM_EASY_2016|Any CPU.Build.0 = FAKE_XRM_EASY_2016|Any CPU
		{D99DF3A2-03E3-4BBD-B4A8-E1EB0C67BB69}.FAKE_XRM_EASY_2016|x64.ActiveCfg = FAKE_XRM_EASY_2016|Any CPU
		{D99DF3A2-03E3-4BBD-B4A8-E1EB0C67BB69}.FAKE_XRM_EASY_2016|x64.Build.0 = FAKE_XRM_EASY_2016|Any CPU
		{D99DF3A2-03E3-4BBD-B4A8-E1EB0C67BB69}.FAKE_XRM_EASY_2016|x86.ActiveCfg = FAKE_XRM_EASY_2016|Any CPU
		{D99DF3A2-03E3-4BBD-B4A8-E1EB0C67BB69}.FAKE_XRM_EASY_2016|x86.Build.0 = FAKE_XRM_EASY_2016|Any CPU
		{D99DF3A2-03E3-4BBD-B4A8-E1EB0C67BB69}.FAKE_XRM_EASY_365|Any CPU.ActiveCfg = FAKE_XRM_EASY_365|Any CPU
		{D99DF3A2-03E3-4BBD-B4A8-E1EB0C67BB69}.FAKE_XRM_EASY_365|Any CPU.Build.0 = FAKE_XRM_EASY_365|Any CPU
		{D99DF3A2-03E3-4BBD-B4A8-E1EB0C67BB69}.FAKE_XRM_EASY_365|x64.ActiveCfg = FAKE_XRM_EASY_365|Any CPU
		{D99DF3A2-03E3-4BBD-B4A8-E1EB0C67BB69}.FAKE_XRM_EASY_365|x64.Build.0 = FAKE_XRM_EASY_365|Any CPU
		{D99DF3A2-03E3-4BBD-B4A8-E1EB0C67BB69}.FAKE_XRM_EASY_365|x86.ActiveCfg = FAKE_XRM_EASY_365|Any CPU
		{D99DF3A2-03E3-4BBD-B4A8-E1EB0C67BB69}.FAKE_XRM_EASY_365|x86.Build.0 = FAKE_XRM_EASY_365|Any CPU
		{D99DF3A2-03E3-4BBD-B4A8-E1EB0C67BB69}.FAKE_XRM_EASY_9|Any CPU.ActiveCfg = FAKE_XRM_EASY_9|Any CPU
		{D99DF3A2-03E3-4BBD-B4A8-E1EB0C67BB69}.FAKE_XRM_EASY_9|Any CPU.Build.0 = FAKE_XRM_EASY_9|Any CPU
		{D99DF3A2-03E3-4BBD-B4A8-E1EB0C67BB69}.FAKE_XRM_EASY_9|x64.ActiveCfg = FAKE_XRM_EASY_9|Any CPU
		{D99DF3A2-03E3-4BBD-B4A8-E1EB0C67BB69}.FAKE_XRM_EASY_9|x64.Build.0 = FAKE_XRM_EASY_9|Any CPU
		{D99DF3A2-03E3-4BBD-B4A8-E1EB0C67BB69}.FAKE_XRM_EASY_9|x86.ActiveCfg = FAKE_XRM_EASY_9|Any CPU
		{D99DF3A2-03E3-4BBD-B4A8-E1EB0C67BB69}.FAKE_XRM_EASY_9|x86.Build.0 = FAKE_XRM_EASY_9|Any CPU
		{D99DF3A2-03E3-4BBD-B4A8-E1EB0C67BB69}.FAKE_XRM_EASY|Any CPU.ActiveCfg = FAKE_XRM_EASY|Any CPU
		{D99DF3A2-03E3-4BBD-B4A8-E1EB0C67BB69}.FAKE_XRM_EASY|Any CPU.Build.0 = FAKE_XRM_EASY|Any CPU
		{D99DF3A2-03E3-4BBD-B4A8-E1EB0C67BB69}.FAKE_XRM_EASY|x64.ActiveCfg = FAKE_XRM_EASY|Any CPU
		{D99DF3A2-03E3-4BBD-B4A8-E1EB0C67BB69}.FAKE_XRM_EASY|x64.Build.0 = FAKE_XRM_EASY|Any CPU
		{D99DF3A2-03E3-4BBD-B4A8-E1EB0C67BB69}.FAKE_XRM_EASY|x86.ActiveCfg = FAKE_XRM_EASY|Any CPU
		{D99DF3A2-03E3-4BBD-B4A8-E1EB0C67BB69}.FAKE_XRM_EASY|x86.Build.0 = FAKE_XRM_EASY|Any CPU
		{D99DF3A2-03E3-4BBD-B4A8-E1EB0C67BB69}.Release|Any CPU.ActiveCfg = Release|Any CPU
		{D99DF3A2-03E3-4BBD-B4A8-E1EB0C67BB69}.Release|Any CPU.Build.0 = Release|Any CPU
		{D99DF3A2-03E3-4BBD-B4A8-E1EB0C67BB69}.Release|x64.ActiveCfg = Release|Any CPU
		{D99DF3A2-03E3-4BBD-B4A8-E1EB0C67BB69}.Release|x64.Build.0 = Release|Any CPU
		{D99DF3A2-03E3-4BBD-B4A8-E1EB0C67BB69}.Release|x86.ActiveCfg = Release|Any CPU
		{D99DF3A2-03E3-4BBD-B4A8-E1EB0C67BB69}.Release|x86.Build.0 = Release|Any CPU
		{F3375812-D98A-4A75-9CD4-F1F7090F970C}.Debug|Any CPU.ActiveCfg = FAKE_XRM_EASY|Any CPU
		{F3375812-D98A-4A75-9CD4-F1F7090F970C}.Debug|Any CPU.Build.0 = FAKE_XRM_EASY|Any CPU
		{F3375812-D98A-4A75-9CD4-F1F7090F970C}.Debug|x64.ActiveCfg = FAKE_XRM_EASY|Any CPU
		{F3375812-D98A-4A75-9CD4-F1F7090F970C}.Debug|x64.Build.0 = FAKE_XRM_EASY|Any CPU
		{F3375812-D98A-4A75-9CD4-F1F7090F970C}.Debug|x86.ActiveCfg = FAKE_XRM_EASY|Any CPU
		{F3375812-D98A-4A75-9CD4-F1F7090F970C}.Debug|x86.Build.0 = FAKE_XRM_EASY|Any CPU
		{F3375812-D98A-4A75-9CD4-F1F7090F970C}.FAKE_XRM_EASY_2013|Any CPU.ActiveCfg = FAKE_XRM_EASY_2013|Any CPU
		{F3375812-D98A-4A75-9CD4-F1F7090F970C}.FAKE_XRM_EASY_2013|Any CPU.Build.0 = FAKE_XRM_EASY_2013|Any CPU
		{F3375812-D98A-4A75-9CD4-F1F7090F970C}.FAKE_XRM_EASY_2013|x64.ActiveCfg = FAKE_XRM_EASY_2013|Any CPU
		{F3375812-D98A-4A75-9CD4-F1F7090F970C}.FAKE_XRM_EASY_2013|x64.Build.0 = FAKE_XRM_EASY_2013|Any CPU
		{F3375812-D98A-4A75-9CD4-F1F7090F970C}.FAKE_XRM_EASY_2013|x86.ActiveCfg = FAKE_XRM_EASY_2013|Any CPU
		{F3375812-D98A-4A75-9CD4-F1F7090F970C}.FAKE_XRM_EASY_2013|x86.Build.0 = FAKE_XRM_EASY_2013|Any CPU
		{F3375812-D98A-4A75-9CD4-F1F7090F970C}.FAKE_XRM_EASY_2015|Any CPU.ActiveCfg = FAKE_XRM_EASY_2015|Any CPU
		{F3375812-D98A-4A75-9CD4-F1F7090F970C}.FAKE_XRM_EASY_2015|Any CPU.Build.0 = FAKE_XRM_EASY_2015|Any CPU
		{F3375812-D98A-4A75-9CD4-F1F7090F970C}.FAKE_XRM_EASY_2015|x64.ActiveCfg = FAKE_XRM_EASY_2015|Any CPU
		{F3375812-D98A-4A75-9CD4-F1F7090F970C}.FAKE_XRM_EASY_2015|x64.Build.0 = FAKE_XRM_EASY_2015|Any CPU
		{F3375812-D98A-4A75-9CD4-F1F7090F970C}.FAKE_XRM_EASY_2015|x86.ActiveCfg = FAKE_XRM_EASY_2015|Any CPU
		{F3375812-D98A-4A75-9CD4-F1F7090F970C}.FAKE_XRM_EASY_2015|x86.Build.0 = FAKE_XRM_EASY_2015|Any CPU
		{F3375812-D98A-4A75-9CD4-F1F7090F970C}.FAKE_XRM_EASY_2016|Any CPU.ActiveCfg = FAKE_XRM_EASY_2016|Any CPU
		{F3375812-D98A-4A75-9CD4-F1F7090F970C}.FAKE_XRM_EASY_2016|Any CPU.Build.0 = FAKE_XRM_EASY_2016|Any CPU
		{F3375812-D98A-4A75-9CD4-F1F7090F970C}.FAKE_XRM_EASY_2016|x64.ActiveCfg = FAKE_XRM_EASY_2016|Any CPU
		{F3375812-D98A-4A75-9CD4-F1F7090F970C}.FAKE_XRM_EASY_2016|x64.Build.0 = FAKE_XRM_EASY_2016|Any CPU
		{F3375812-D98A-4A75-9CD4-F1F7090F970C}.FAKE_XRM_EASY_2016|x86.ActiveCfg = FAKE_XRM_EASY_2016|Any CPU
		{F3375812-D98A-4A75-9CD4-F1F7090F970C}.FAKE_XRM_EASY_2016|x86.Build.0 = FAKE_XRM_EASY_2016|Any CPU
		{F3375812-D98A-4A75-9CD4-F1F7090F970C}.FAKE_XRM_EASY_365|Any CPU.ActiveCfg = FAKE_XRM_EASY_365|Any CPU
		{F3375812-D98A-4A75-9CD4-F1F7090F970C}.FAKE_XRM_EASY_365|Any CPU.Build.0 = FAKE_XRM_EASY_365|Any CPU
		{F3375812-D98A-4A75-9CD4-F1F7090F970C}.FAKE_XRM_EASY_365|x64.ActiveCfg = FAKE_XRM_EASY_365|Any CPU
		{F3375812-D98A-4A75-9CD4-F1F7090F970C}.FAKE_XRM_EASY_365|x64.Build.0 = FAKE_XRM_EASY_365|Any CPU
		{F3375812-D98A-4A75-9CD4-F1F7090F970C}.FAKE_XRM_EASY_365|x86.ActiveCfg = FAKE_XRM_EASY_365|Any CPU
		{F3375812-D98A-4A75-9CD4-F1F7090F970C}.FAKE_XRM_EASY_365|x86.Build.0 = FAKE_XRM_EASY_365|Any CPU
		{F3375812-D98A-4A75-9CD4-F1F7090F970C}.FAKE_XRM_EASY_9|Any CPU.ActiveCfg = FAKE_XRM_EASY_9|Any CPU
		{F3375812-D98A-4A75-9CD4-F1F7090F970C}.FAKE_XRM_EASY_9|Any CPU.Build.0 = FAKE_XRM_EASY_9|Any CPU
		{F3375812-D98A-4A75-9CD4-F1F7090F970C}.FAKE_XRM_EASY_9|x64.ActiveCfg = FAKE_XRM_EASY_9|Any CPU
		{F3375812-D98A-4A75-9CD4-F1F7090F970C}.FAKE_XRM_EASY_9|x64.Build.0 = FAKE_XRM_EASY_9|Any CPU
		{F3375812-D98A-4A75-9CD4-F1F7090F970C}.FAKE_XRM_EASY_9|x86.ActiveCfg = FAKE_XRM_EASY_9|Any CPU
		{F3375812-D98A-4A75-9CD4-F1F7090F970C}.FAKE_XRM_EASY_9|x86.Build.0 = FAKE_XRM_EASY_9|Any CPU
		{F3375812-D98A-4A75-9CD4-F1F7090F970C}.FAKE_XRM_EASY|Any CPU.ActiveCfg = FAKE_XRM_EASY|Any CPU
		{F3375812-D98A-4A75-9CD4-F1F7090F970C}.FAKE_XRM_EASY|Any CPU.Build.0 = FAKE_XRM_EASY|Any CPU
		{F3375812-D98A-4A75-9CD4-F1F7090F970C}.FAKE_XRM_EASY|x64.ActiveCfg = FAKE_XRM_EASY|Any CPU
		{F3375812-D98A-4A75-9CD4-F1F7090F970C}.FAKE_XRM_EASY|x64.Build.0 = FAKE_XRM_EASY|Any CPU
		{F3375812-D98A-4A75-9CD4-F1F7090F970C}.FAKE_XRM_EASY|x86.ActiveCfg = FAKE_XRM_EASY|Any CPU
		{F3375812-D98A-4A75-9CD4-F1F7090F970C}.FAKE_XRM_EASY|x86.Build.0 = FAKE_XRM_EASY|Any CPU
		{F3375812-D98A-4A75-9CD4-F1F7090F970C}.Release|Any CPU.ActiveCfg = FAKE_XRM_EASY|Any CPU
		{F3375812-D98A-4A75-9CD4-F1F7090F970C}.Release|Any CPU.Build.0 = FAKE_XRM_EASY|Any CPU
		{F3375812-D98A-4A75-9CD4-F1F7090F970C}.Release|x64.ActiveCfg = FAKE_XRM_EASY|Any CPU
		{F3375812-D98A-4A75-9CD4-F1F7090F970C}.Release|x64.Build.0 = FAKE_XRM_EASY|Any CPU
		{F3375812-D98A-4A75-9CD4-F1F7090F970C}.Release|x86.ActiveCfg = FAKE_XRM_EASY|Any CPU
		{F3375812-D98A-4A75-9CD4-F1F7090F970C}.Release|x86.Build.0 = FAKE_XRM_EASY|Any CPU
		{D7C02210-729D-4CEC-8BB4-CA7F54756B5C}.Debug|Any CPU.ActiveCfg = FAKE_XRM_EASY|Any CPU
		{D7C02210-729D-4CEC-8BB4-CA7F54756B5C}.Debug|Any CPU.Build.0 = FAKE_XRM_EASY|Any CPU
		{D7C02210-729D-4CEC-8BB4-CA7F54756B5C}.Debug|x64.ActiveCfg = FAKE_XRM_EASY|Any CPU
		{D7C02210-729D-4CEC-8BB4-CA7F54756B5C}.Debug|x64.Build.0 = FAKE_XRM_EASY|Any CPU
		{D7C02210-729D-4CEC-8BB4-CA7F54756B5C}.Debug|x86.ActiveCfg = FAKE_XRM_EASY|Any CPU
		{D7C02210-729D-4CEC-8BB4-CA7F54756B5C}.Debug|x86.Build.0 = FAKE_XRM_EASY|Any CPU
		{D7C02210-729D-4CEC-8BB4-CA7F54756B5C}.FAKE_XRM_EASY_2013|Any CPU.ActiveCfg = FAKE_XRM_EASY_2013|Any CPU
		{D7C02210-729D-4CEC-8BB4-CA7F54756B5C}.FAKE_XRM_EASY_2013|Any CPU.Build.0 = FAKE_XRM_EASY_2013|Any CPU
		{D7C02210-729D-4CEC-8BB4-CA7F54756B5C}.FAKE_XRM_EASY_2013|x64.ActiveCfg = FAKE_XRM_EASY_2013|Any CPU
		{D7C02210-729D-4CEC-8BB4-CA7F54756B5C}.FAKE_XRM_EASY_2013|x64.Build.0 = FAKE_XRM_EASY_2013|Any CPU
		{D7C02210-729D-4CEC-8BB4-CA7F54756B5C}.FAKE_XRM_EASY_2013|x86.ActiveCfg = FAKE_XRM_EASY_2013|Any CPU
		{D7C02210-729D-4CEC-8BB4-CA7F54756B5C}.FAKE_XRM_EASY_2013|x86.Build.0 = FAKE_XRM_EASY_2013|Any CPU
		{D7C02210-729D-4CEC-8BB4-CA7F54756B5C}.FAKE_XRM_EASY_2015|Any CPU.ActiveCfg = FAKE_XRM_EASY_2015|Any CPU
		{D7C02210-729D-4CEC-8BB4-CA7F54756B5C}.FAKE_XRM_EASY_2015|Any CPU.Build.0 = FAKE_XRM_EASY_2015|Any CPU
		{D7C02210-729D-4CEC-8BB4-CA7F54756B5C}.FAKE_XRM_EASY_2015|x64.ActiveCfg = FAKE_XRM_EASY_2015|Any CPU
		{D7C02210-729D-4CEC-8BB4-CA7F54756B5C}.FAKE_XRM_EASY_2015|x64.Build.0 = FAKE_XRM_EASY_2015|Any CPU
		{D7C02210-729D-4CEC-8BB4-CA7F54756B5C}.FAKE_XRM_EASY_2015|x86.ActiveCfg = FAKE_XRM_EASY_2015|Any CPU
		{D7C02210-729D-4CEC-8BB4-CA7F54756B5C}.FAKE_XRM_EASY_2015|x86.Build.0 = FAKE_XRM_EASY_2015|Any CPU
		{D7C02210-729D-4CEC-8BB4-CA7F54756B5C}.FAKE_XRM_EASY_2016|Any CPU.ActiveCfg = FAKE_XRM_EASY_2016|Any CPU
		{D7C02210-729D-4CEC-8BB4-CA7F54756B5C}.FAKE_XRM_EASY_2016|Any CPU.Build.0 = FAKE_XRM_EASY_2016|Any CPU
		{D7C02210-729D-4CEC-8BB4-CA7F54756B5C}.FAKE_XRM_EASY_2016|x64.ActiveCfg = FAKE_XRM_EASY_2016|Any CPU
		{D7C02210-729D-4CEC-8BB4-CA7F54756B5C}.FAKE_XRM_EASY_2016|x64.Build.0 = FAKE_XRM_EASY_2016|Any CPU
		{D7C02210-729D-4CEC-8BB4-CA7F54756B5C}.FAKE_XRM_EASY_2016|x86.ActiveCfg = FAKE_XRM_EASY_2016|Any CPU
		{D7C02210-729D-4CEC-8BB4-CA7F54756B5C}.FAKE_XRM_EASY_2016|x86.Build.0 = FAKE_XRM_EASY_2016|Any CPU
		{D7C02210-729D-4CEC-8BB4-CA7F54756B5C}.FAKE_XRM_EASY_365|Any CPU.ActiveCfg = FAKE_XRM_EASY_365|Any CPU
		{D7C02210-729D-4CEC-8BB4-CA7F54756B5C}.FAKE_XRM_EASY_365|Any CPU.Build.0 = FAKE_XRM_EASY_365|Any CPU
		{D7C02210-729D-4CEC-8BB4-CA7F54756B5C}.FAKE_XRM_EASY_365|x64.ActiveCfg = FAKE_XRM_EASY_365|Any CPU
		{D7C02210-729D-4CEC-8BB4-CA7F54756B5C}.FAKE_XRM_EASY_365|x64.Build.0 = FAKE_XRM_EASY_365|Any CPU
		{D7C02210-729D-4CEC-8BB4-CA7F54756B5C}.FAKE_XRM_EASY_365|x86.ActiveCfg = FAKE_XRM_EASY_365|Any CPU
		{D7C02210-729D-4CEC-8BB4-CA7F54756B5C}.FAKE_XRM_EASY_365|x86.Build.0 = FAKE_XRM_EASY_365|Any CPU
		{D7C02210-729D-4CEC-8BB4-CA7F54756B5C}.FAKE_XRM_EASY_9|Any CPU.ActiveCfg = FAKE_XRM_EASY_9|Any CPU
		{D7C02210-729D-4CEC-8BB4-CA7F54756B5C}.FAKE_XRM_EASY_9|Any CPU.Build.0 = FAKE_XRM_EASY_9|Any CPU
		{D7C02210-729D-4CEC-8BB4-CA7F54756B5C}.FAKE_XRM_EASY_9|x64.ActiveCfg = FAKE_XRM_EASY_9|Any CPU
		{D7C02210-729D-4CEC-8BB4-CA7F54756B5C}.FAKE_XRM_EASY_9|x64.Build.0 = FAKE_XRM_EASY_9|Any CPU
		{D7C02210-729D-4CEC-8BB4-CA7F54756B5C}.FAKE_XRM_EASY_9|x86.ActiveCfg = FAKE_XRM_EASY_9|Any CPU
		{D7C02210-729D-4CEC-8BB4-CA7F54756B5C}.FAKE_XRM_EASY_9|x86.Build.0 = FAKE_XRM_EASY_9|Any CPU
		{D7C02210-729D-4CEC-8BB4-CA7F54756B5C}.FAKE_XRM_EASY|Any CPU.ActiveCfg = FAKE_XRM_EASY|Any CPU
		{D7C02210-729D-4CEC-8BB4-CA7F54756B5C}.FAKE_XRM_EASY|Any CPU.Build.0 = FAKE_XRM_EASY|Any CPU
		{D7C02210-729D-4CEC-8BB4-CA7F54756B5C}.FAKE_XRM_EASY|x64.ActiveCfg = FAKE_XRM_EASY|Any CPU
		{D7C02210-729D-4CEC-8BB4-CA7F54756B5C}.FAKE_XRM_EASY|x64.Build.0 = FAKE_XRM_EASY|Any CPU
		{D7C02210-729D-4CEC-8BB4-CA7F54756B5C}.FAKE_XRM_EASY|x86.ActiveCfg = FAKE_XRM_EASY|Any CPU
		{D7C02210-729D-4CEC-8BB4-CA7F54756B5C}.FAKE_XRM_EASY|x86.Build.0 = FAKE_XRM_EASY|Any CPU
		{D7C02210-729D-4CEC-8BB4-CA7F54756B5C}.Release|Any CPU.ActiveCfg = FAKE_XRM_EASY|Any CPU
		{D7C02210-729D-4CEC-8BB4-CA7F54756B5C}.Release|Any CPU.Build.0 = FAKE_XRM_EASY|Any CPU
		{D7C02210-729D-4CEC-8BB4-CA7F54756B5C}.Release|x64.ActiveCfg = FAKE_XRM_EASY|Any CPU
		{D7C02210-729D-4CEC-8BB4-CA7F54756B5C}.Release|x64.Build.0 = FAKE_XRM_EASY|Any CPU
		{D7C02210-729D-4CEC-8BB4-CA7F54756B5C}.Release|x86.ActiveCfg = FAKE_XRM_EASY|Any CPU
		{D7C02210-729D-4CEC-8BB4-CA7F54756B5C}.Release|x86.Build.0 = FAKE_XRM_EASY|Any CPU
	EndGlobalSection
	GlobalSection(SolutionProperties) = preSolution
		HideSolutionNode = FALSE
	EndGlobalSection
	GlobalSection(NestedProjects) = preSolution
		{9012CADC-5B63-42F3-8945-5FEBD3ED8138} = {85868EE9-8152-4275-8FF3-7451669E569F}
		{D99DF3A2-03E3-4BBD-B4A8-E1EB0C67BB69} = {CAA52F2A-17EC-424A-8A4E-A11548B36F35}
		{F3375812-D98A-4A75-9CD4-F1F7090F970C} = {CAA52F2A-17EC-424A-8A4E-A11548B36F35}
		{D7C02210-729D-4CEC-8BB4-CA7F54756B5C} = {CAA52F2A-17EC-424A-8A4E-A11548B36F35}
		{B75B5752-4643-4750-BDCB-6DCD3C743137} = {CAA52F2A-17EC-424A-8A4E-A11548B36F35}
	EndGlobalSection
	GlobalSection(ExtensibilityGlobals) = postSolution
		SolutionGuid = {F8EB7639-85BA-4194-B2DB-AF9642448B04}
	EndGlobalSection
EndGlobal
